
Microsoft Visual Studio Solution File, Format Version 12.00
# Visual Studio 15
VisualStudioVersion = 15.0.28307.572
MinimumVisualStudioVersion = 10.0.40219.1
Project("{2150E333-8FDC-42A3-9474-1A3956D46DE8}") = "1 - Core", "1 - Core", "{0749B3D5-640C-4F87-B67E-21D0619A644B}"
EndProject
Project("{FAE04EC0-301F-11D3-BF4B-00C04F79EFBC}") = "Core", "Core\Core.csproj", "{BC05ECD7-ECE4-4F88-9181-F3AFBE3999A5}"
EndProject
Project("{2150E333-8FDC-42A3-9474-1A3956D46DE8}") = "2 - Application", "2 - Application", "{D602C29E-A0A4-482B-983D-A22BDF78D10F}"
EndProject
Project("{FAE04EC0-301F-11D3-BF4B-00C04F79EFBC}") = "Application", "Application\Application.csproj", "{78E225E2-C7BA-44D7-8ED5-9F9F27F2717F}"
EndProject
Project("{2150E333-8FDC-42A3-9474-1A3956D46DE8}") = "3 - Infrastructure", "3 - Infrastructure", "{ABD871E8-7FBA-4C46-9EBE-37346A4491EB}"
EndProject
Project("{FAE04EC0-301F-11D3-BF4B-00C04F79EFBC}") = "Infrastructure", "Infrastructure\Infrastructure.csproj", "{84FDD5C6-CE8C-4C61-BCE9-CA7D70D45872}"
EndProject
Global
	GlobalSection(SolutionConfigurationPlatforms) = preSolution
		Debug|Any CPU = Debug|Any CPU
		Release|Any CPU = Release|Any CPU
	EndGlobalSection
	GlobalSection(ProjectConfigurationPlatforms) = postSolution
		{BC05ECD7-ECE4-4F88-9181-F3AFBE3999A5}.Debug|Any CPU.ActiveCfg = Debug|Any CPU
		{BC05ECD7-ECE4-4F88-9181-F3AFBE3999A5}.Debug|Any CPU.Build.0 = Debug|Any CPU
		{BC05ECD7-ECE4-4F88-9181-F3AFBE3999A5}.Release|Any CPU.ActiveCfg = Release|Any CPU
		{BC05ECD7-ECE4-4F88-9181-F3AFBE3999A5}.Release|Any CPU.Build.0 = Release|Any CPU
		{78E225E2-C7BA-44D7-8ED5-9F9F27F2717F}.Debug|Any CPU.ActiveCfg = Debug|Any CPU
		{78E225E2-C7BA-44D7-8ED5-9F9F27F2717F}.Debug|Any CPU.Build.0 = Debug|Any CPU
		{78E225E2-C7BA-44D7-8ED5-9F9F27F2717F}.Release|Any CPU.ActiveCfg = Release|Any CPU
		{78E225E2-C7BA-44D7-8ED5-9F9F27F2717F}.Release|Any CPU.Build.0 = Release|Any CPU
		{84FDD5C6-CE8C-4C61-BCE9-CA7D70D45872}.Debug|Any CPU.ActiveCfg = Debug|Any CPU
		{84FDD5C6-CE8C-4C61-BCE9-CA7D70D45872}.Debug|Any CPU.Build.0 = Debug|Any CPU
		{84FDD5C6-CE8C-4C61-BCE9-CA7D70D45872}.Release|Any CPU.ActiveCfg = Release|Any CPU
		{84FDD5C6-CE8C-4C61-BCE9-CA7D70D45872}.Release|Any CPU.Build.0 = Release|Any CPU
	EndGlobalSection
	GlobalSection(SolutionProperties) = preSolution
		HideSolutionNode = FALSE
	EndGlobalSection
	GlobalSection(NestedProjects) = preSolution
		{BC05ECD7-ECE4-4F88-9181-F3AFBE3999A5} = {0749B3D5-640C-4F87-B67E-21D0619A644B}
		{78E225E2-C7BA-44D7-8ED5-9F9F27F2717F} = {D602C29E-A0A4-482B-983D-A22BDF78D10F}
		{84FDD5C6-CE8C-4C61-BCE9-CA7D70D45872} = {ABD871E8-7FBA-4C46-9EBE-37346A4491EB}
	EndGlobalSection
	GlobalSection(ExtensibilityGlobals) = postSolution
		SolutionGuid = {F6E239D8-6AC3-45C0-8238-89EC5023EA12}
	EndGlobalSection
EndGlobal
