
Microsoft Visual Studio Solution File, Format Version 12.00
# Visual Studio 15
VisualStudioVersion = 15.0.28307.572
MinimumVisualStudioVersion = 10.0.40219.1
Project("{2150E333-8FDC-42A3-9474-1A3956D46DE8}") = "1 - Core", "1 - Core", "{0749B3D5-640C-4F87-B67E-21D0619A644B}"
EndProject
Project("{FAE04EC0-301F-11D3-BF4B-00C04F79EFBC}") = "Core", "Core\Core.csproj", "{BC05ECD7-ECE4-4F88-9181-F3AFBE3999A5}"
EndProject
Project("{2150E333-8FDC-42A3-9474-1A3956D46DE8}") = "2 - Application", "2 - Application", "{D602C29E-A0A4-482B-983D-A22BDF78D10F}"
EndProject
Project("{FAE04EC0-301F-11D3-BF4B-00C04F79EFBC}") = "Application", "Application\Application.csproj", "{78E225E2-C7BA-44D7-8ED5-9F9F27F2717F}"
EndProject
Project("{2150E333-8FDC-42A3-9474-1A3956D46DE8}") = "3 - Infrastructure", "3 - Infrastructure", "{ABD871E8-7FBA-4C46-9EBE-37346A4491EB}"
EndProject
Project("{FAE04EC0-301F-11D3-BF4B-00C04F79EFBC}") = "Infrastructure", "Infrastructure\Infrastructure.csproj", "{84FDD5C6-CE8C-4C61-BCE9-CA7D70D45872}"
EndProject
Project("{2150E333-8FDC-42A3-9474-1A3956D46DE8}") = "4 - Entry Points", "4 - Entry Points", "{573FAFDF-3CDB-4811-BD51-59C33C2DCA87}"
EndProject
Project("{FAE04EC0-301F-11D3-BF4B-00C04F79EFBC}") = "OwnerAPI", "OwnerAPI\OwnerAPI.csproj", "{D28143EE-1D2D-4EB1-8106-C0BC805A2750}"
EndProject
Project("{FAE04EC0-301F-11D3-BF4B-00C04F79EFBC}") = "ServiceAPI", "ServiceAPI\ServiceAPI.csproj", "{CF1275DE-BC43-4EF9-BDDA-12C6CA2D478E}"
EndProject
Project("{FAE04EC0-301F-11D3-BF4B-00C04F79EFBC}") = "VehicleAPI", "VehicleAPI\VehicleAPI.csproj", "{D7B6485A-162A-42B1-BBC5-3F9D5B052F53}"
EndProject
Project("{2150E333-8FDC-42A3-9474-1A3956D46DE8}") = "5 - Tests", "5 - Tests", "{5A7B4DAA-891C-4465-8E25-7E40ADE23D2C}"
EndProject
Project("{FAE04EC0-301F-11D3-BF4B-00C04F79EFBC}") = "LataNova.IntegrationTests", "LataNova.IntegrationTests\LataNova.IntegrationTests.csproj", "{D067F0A8-88EE-4099-A992-5598B2F1E98B}"
EndProject
Project("{FAE04EC0-301F-11D3-BF4B-00C04F79EFBC}") = "LataNova.UnitTest", "LataNova.UnitTest\LataNova.UnitTest.csproj", "{13F426E1-F1AD-4EE2-9BEA-CD429D126A9C}"
EndProject
Global
	GlobalSection(SolutionConfigurationPlatforms) = preSolution
		Debug|Any CPU = Debug|Any CPU
		Release|Any CPU = Release|Any CPU
	EndGlobalSection
	GlobalSection(ProjectConfigurationPlatforms) = postSolution
		{BC05ECD7-ECE4-4F88-9181-F3AFBE3999A5}.Debug|Any CPU.ActiveCfg = Debug|Any CPU
		{BC05ECD7-ECE4-4F88-9181-F3AFBE3999A5}.Debug|Any CPU.Build.0 = Debug|Any CPU
		{BC05ECD7-ECE4-4F88-9181-F3AFBE3999A5}.Release|Any CPU.ActiveCfg = Release|Any CPU
		{BC05ECD7-ECE4-4F88-9181-F3AFBE3999A5}.Release|Any CPU.Build.0 = Release|Any CPU
		{78E225E2-C7BA-44D7-8ED5-9F9F27F2717F}.Debug|Any CPU.ActiveCfg = Debug|Any CPU
		{78E225E2-C7BA-44D7-8ED5-9F9F27F2717F}.Debug|Any CPU.Build.0 = Debug|Any CPU
		{78E225E2-C7BA-44D7-8ED5-9F9F27F2717F}.Release|Any CPU.ActiveCfg = Release|Any CPU
		{78E225E2-C7BA-44D7-8ED5-9F9F27F2717F}.Release|Any CPU.Build.0 = Release|Any CPU
		{84FDD5C6-CE8C-4C61-BCE9-CA7D70D45872}.Debug|Any CPU.ActiveCfg = Debug|Any CPU
		{84FDD5C6-CE8C-4C61-BCE9-CA7D70D45872}.Debug|Any CPU.Build.0 = Debug|Any CPU
		{84FDD5C6-CE8C-4C61-BCE9-CA7D70D45872}.Release|Any CPU.ActiveCfg = Release|Any CPU
		{84FDD5C6-CE8C-4C61-BCE9-CA7D70D45872}.Release|Any CPU.Build.0 = Release|Any CPU
		{D28143EE-1D2D-4EB1-8106-C0BC805A2750}.Debug|Any CPU.ActiveCfg = Debug|Any CPU
		{D28143EE-1D2D-4EB1-8106-C0BC805A2750}.Debug|Any CPU.Build.0 = Debug|Any CPU
		{D28143EE-1D2D-4EB1-8106-C0BC805A2750}.Release|Any CPU.ActiveCfg = Release|Any CPU
		{D28143EE-1D2D-4EB1-8106-C0BC805A2750}.Release|Any CPU.Build.0 = Release|Any CPU
		{CF1275DE-BC43-4EF9-BDDA-12C6CA2D478E}.Debug|Any CPU.ActiveCfg = Debug|Any CPU
		{CF1275DE-BC43-4EF9-BDDA-12C6CA2D478E}.Debug|Any CPU.Build.0 = Debug|Any CPU
		{CF1275DE-BC43-4EF9-BDDA-12C6CA2D478E}.Release|Any CPU.ActiveCfg = Release|Any CPU
		{CF1275DE-BC43-4EF9-BDDA-12C6CA2D478E}.Release|Any CPU.Build.0 = Release|Any CPU
		{D7B6485A-162A-42B1-BBC5-3F9D5B052F53}.Debug|Any CPU.ActiveCfg = Debug|Any CPU
		{D7B6485A-162A-42B1-BBC5-3F9D5B052F53}.Debug|Any CPU.Build.0 = Debug|Any CPU
		{D7B6485A-162A-42B1-BBC5-3F9D5B052F53}.Release|Any CPU.ActiveCfg = Release|Any CPU
		{D7B6485A-162A-42B1-BBC5-3F9D5B052F53}.Release|Any CPU.Build.0 = Release|Any CPU
		{D067F0A8-88EE-4099-A992-5598B2F1E98B}.Debug|Any CPU.ActiveCfg = Debug|Any CPU
		{D067F0A8-88EE-4099-A992-5598B2F1E98B}.Debug|Any CPU.Build.0 = Debug|Any CPU
		{D067F0A8-88EE-4099-A992-5598B2F1E98B}.Release|Any CPU.ActiveCfg = Release|Any CPU
		{D067F0A8-88EE-4099-A992-5598B2F1E98B}.Release|Any CPU.Build.0 = Release|Any CPU
		{13F426E1-F1AD-4EE2-9BEA-CD429D126A9C}.Debug|Any CPU.ActiveCfg = Debug|Any CPU
		{13F426E1-F1AD-4EE2-9BEA-CD429D126A9C}.Debug|Any CPU.Build.0 = Debug|Any CPU
		{13F426E1-F1AD-4EE2-9BEA-CD429D126A9C}.Release|Any CPU.ActiveCfg = Release|Any CPU
		{13F426E1-F1AD-4EE2-9BEA-CD429D126A9C}.Release|Any CPU.Build.0 = Release|Any CPU
	EndGlobalSection
	GlobalSection(SolutionProperties) = preSolution
		HideSolutionNode = FALSE
	EndGlobalSection
	GlobalSection(NestedProjects) = preSolution
		{BC05ECD7-ECE4-4F88-9181-F3AFBE3999A5} = {0749B3D5-640C-4F87-B67E-21D0619A644B}
		{78E225E2-C7BA-44D7-8ED5-9F9F27F2717F} = {D602C29E-A0A4-482B-983D-A22BDF78D10F}
		{84FDD5C6-CE8C-4C61-BCE9-CA7D70D45872} = {ABD871E8-7FBA-4C46-9EBE-37346A4491EB}
		{D28143EE-1D2D-4EB1-8106-C0BC805A2750} = {573FAFDF-3CDB-4811-BD51-59C33C2DCA87}
		{CF1275DE-BC43-4EF9-BDDA-12C6CA2D478E} = {573FAFDF-3CDB-4811-BD51-59C33C2DCA87}
		{D7B6485A-162A-42B1-BBC5-3F9D5B052F53} = {573FAFDF-3CDB-4811-BD51-59C33C2DCA87}
		{D067F0A8-88EE-4099-A992-5598B2F1E98B} = {5A7B4DAA-891C-4465-8E25-7E40ADE23D2C}
		{13F426E1-F1AD-4EE2-9BEA-CD429D126A9C} = {5A7B4DAA-891C-4465-8E25-7E40ADE23D2C}
	EndGlobalSection
	GlobalSection(ExtensibilityGlobals) = postSolution
		SolutionGuid = {F6E239D8-6AC3-45C0-8238-89EC5023EA12}
	EndGlobalSection
EndGlobal
