
Microsoft Visual Studio Solution File, Format Version 12.00
# Visual Studio 15
VisualStudioVersion = 15.0.28307.572
MinimumVisualStudioVersion = 10.0.40219.1
Project("{9A19103F-16F7-4668-BE54-9A1E7A4F7556}") = "APIPRojeto", "APIPRojeto\APIPRojeto.csproj", "{D4C5CB2B-189D-4837-8145-9A00D76A7B22}"
EndProject
Project("{9A19103F-16F7-4668-BE54-9A1E7A4F7556}") = "Core", "Core\Core.csproj", "{ADBD3146-091F-423B-8119-C2AE05FD0570}"
EndProject
Project("{2150E333-8FDC-42A3-9474-1A3956D46DE8}") = "1-Core", "1-Core", "{F363BBCF-8CFA-4D82-B352-D111C4DD31D9}"
EndProject
Project("{2150E333-8FDC-42A3-9474-1A3956D46DE8}") = "2-Application", "2-Application", "{16BF8C2A-CAE8-4C87-A54D-8370E5D87570}"
EndProject
Project("{9A19103F-16F7-4668-BE54-9A1E7A4F7556}") = "Application", "Application\Application.csproj", "{D8373FC3-71F7-4B1A-8B63-5077DCDA708E}"
EndProject
Project("{2150E333-8FDC-42A3-9474-1A3956D46DE8}") = "3-Infrastructure", "3-Infrastructure", "{4A61B930-1147-471B-9F83-920C0DC2BD82}"
EndProject
Project("{9A19103F-16F7-4668-BE54-9A1E7A4F7556}") = "Infrastructure", "Infrastructure\Infrastructure.csproj", "{0DD82D62-522A-4856-97DC-AF0B1DFE3999}"
EndProject
Project("{2150E333-8FDC-42A3-9474-1A3956D46DE8}") = "4-Entry Points", "4-Entry Points", "{80E38DE4-A277-4CC2-BA0C-EC77BFC4BAB8}"
EndProject
Project("{2150E333-8FDC-42A3-9474-1A3956D46DE8}") = "5- Test", "5- Test", "{20294E5C-7DD1-4DC3-BE59-1FDFB6BD8F95}"
EndProject
Project("{9A19103F-16F7-4668-BE54-9A1E7A4F7556}") = "LataVelhaUTest", "LataVelhaUTest\LataVelhaUTest.csproj", "{49D3E765-247F-4EA8-9E3A-3F06D6A68F69}"
EndProject
Project("{9A19103F-16F7-4668-BE54-9A1E7A4F7556}") = "APICar", "APICar\APICar.csproj", "{6C3CE3B0-18FD-4DDC-9FF7-34D9A0ACEDF0}"
EndProject
Project("{9A19103F-16F7-4668-BE54-9A1E7A4F7556}") = "APIOwner", "APIOwner\APIOwner.csproj", "{760E1262-1652-4E19-BBC1-1473FDB4C900}"
EndProject
Project("{9A19103F-16F7-4668-BE54-9A1E7A4F7556}") = "APIService", "APIService\APIService.csproj", "{A9A6CB17-19FC-4052-B704-18BE140B5643}"
EndProject
Project("{FAE04EC0-301F-11D3-BF4B-00C04F79EFBC}") = "LataVelha_IntegrationTest", "LataVelha_IntegrationTest\LataVelha_IntegrationTest.csproj", "{137B73B7-764A-4D6D-BC78-5D06C28E28EA}"
EndProject
Global
	GlobalSection(SolutionConfigurationPlatforms) = preSolution
		Debug|Any CPU = Debug|Any CPU
		Release|Any CPU = Release|Any CPU
	EndGlobalSection
	GlobalSection(ProjectConfigurationPlatforms) = postSolution
		{D4C5CB2B-189D-4837-8145-9A00D76A7B22}.Debug|Any CPU.ActiveCfg = Debug|Any CPU
		{D4C5CB2B-189D-4837-8145-9A00D76A7B22}.Debug|Any CPU.Build.0 = Debug|Any CPU
		{D4C5CB2B-189D-4837-8145-9A00D76A7B22}.Release|Any CPU.ActiveCfg = Release|Any CPU
		{D4C5CB2B-189D-4837-8145-9A00D76A7B22}.Release|Any CPU.Build.0 = Release|Any CPU
		{ADBD3146-091F-423B-8119-C2AE05FD0570}.Debug|Any CPU.ActiveCfg = Debug|Any CPU
		{ADBD3146-091F-423B-8119-C2AE05FD0570}.Debug|Any CPU.Build.0 = Debug|Any CPU
		{ADBD3146-091F-423B-8119-C2AE05FD0570}.Release|Any CPU.ActiveCfg = Release|Any CPU
		{ADBD3146-091F-423B-8119-C2AE05FD0570}.Release|Any CPU.Build.0 = Release|Any CPU
		{D8373FC3-71F7-4B1A-8B63-5077DCDA708E}.Debug|Any CPU.ActiveCfg = Debug|Any CPU
		{D8373FC3-71F7-4B1A-8B63-5077DCDA708E}.Debug|Any CPU.Build.0 = Debug|Any CPU
		{D8373FC3-71F7-4B1A-8B63-5077DCDA708E}.Release|Any CPU.ActiveCfg = Release|Any CPU
		{D8373FC3-71F7-4B1A-8B63-5077DCDA708E}.Release|Any CPU.Build.0 = Release|Any CPU
		{0DD82D62-522A-4856-97DC-AF0B1DFE3999}.Debug|Any CPU.ActiveCfg = Debug|Any CPU
		{0DD82D62-522A-4856-97DC-AF0B1DFE3999}.Debug|Any CPU.Build.0 = Debug|Any CPU
		{0DD82D62-522A-4856-97DC-AF0B1DFE3999}.Release|Any CPU.ActiveCfg = Release|Any CPU
		{0DD82D62-522A-4856-97DC-AF0B1DFE3999}.Release|Any CPU.Build.0 = Release|Any CPU
		{49D3E765-247F-4EA8-9E3A-3F06D6A68F69}.Debug|Any CPU.ActiveCfg = Debug|Any CPU
		{49D3E765-247F-4EA8-9E3A-3F06D6A68F69}.Debug|Any CPU.Build.0 = Debug|Any CPU
		{49D3E765-247F-4EA8-9E3A-3F06D6A68F69}.Release|Any CPU.ActiveCfg = Release|Any CPU
		{49D3E765-247F-4EA8-9E3A-3F06D6A68F69}.Release|Any CPU.Build.0 = Release|Any CPU
		{6C3CE3B0-18FD-4DDC-9FF7-34D9A0ACEDF0}.Debug|Any CPU.ActiveCfg = Debug|Any CPU
		{6C3CE3B0-18FD-4DDC-9FF7-34D9A0ACEDF0}.Debug|Any CPU.Build.0 = Debug|Any CPU
		{6C3CE3B0-18FD-4DDC-9FF7-34D9A0ACEDF0}.Release|Any CPU.ActiveCfg = Release|Any CPU
		{6C3CE3B0-18FD-4DDC-9FF7-34D9A0ACEDF0}.Release|Any CPU.Build.0 = Release|Any CPU
		{760E1262-1652-4E19-BBC1-1473FDB4C900}.Debug|Any CPU.ActiveCfg = Debug|Any CPU
		{760E1262-1652-4E19-BBC1-1473FDB4C900}.Debug|Any CPU.Build.0 = Debug|Any CPU
		{760E1262-1652-4E19-BBC1-1473FDB4C900}.Release|Any CPU.ActiveCfg = Release|Any CPU
		{760E1262-1652-4E19-BBC1-1473FDB4C900}.Release|Any CPU.Build.0 = Release|Any CPU
		{A9A6CB17-19FC-4052-B704-18BE140B5643}.Debug|Any CPU.ActiveCfg = Debug|Any CPU
		{A9A6CB17-19FC-4052-B704-18BE140B5643}.Debug|Any CPU.Build.0 = Debug|Any CPU
		{A9A6CB17-19FC-4052-B704-18BE140B5643}.Release|Any CPU.ActiveCfg = Release|Any CPU
		{A9A6CB17-19FC-4052-B704-18BE140B5643}.Release|Any CPU.Build.0 = Release|Any CPU
		{137B73B7-764A-4D6D-BC78-5D06C28E28EA}.Debug|Any CPU.ActiveCfg = Debug|Any CPU
		{137B73B7-764A-4D6D-BC78-5D06C28E28EA}.Debug|Any CPU.Build.0 = Debug|Any CPU
		{137B73B7-764A-4D6D-BC78-5D06C28E28EA}.Release|Any CPU.ActiveCfg = Release|Any CPU
		{137B73B7-764A-4D6D-BC78-5D06C28E28EA}.Release|Any CPU.Build.0 = Release|Any CPU
	EndGlobalSection
	GlobalSection(SolutionProperties) = preSolution
		HideSolutionNode = FALSE
	EndGlobalSection
	GlobalSection(NestedProjects) = preSolution
		{D4C5CB2B-189D-4837-8145-9A00D76A7B22} = {80E38DE4-A277-4CC2-BA0C-EC77BFC4BAB8}
		{ADBD3146-091F-423B-8119-C2AE05FD0570} = {F363BBCF-8CFA-4D82-B352-D111C4DD31D9}
		{D8373FC3-71F7-4B1A-8B63-5077DCDA708E} = {16BF8C2A-CAE8-4C87-A54D-8370E5D87570}
		{0DD82D62-522A-4856-97DC-AF0B1DFE3999} = {4A61B930-1147-471B-9F83-920C0DC2BD82}
		{49D3E765-247F-4EA8-9E3A-3F06D6A68F69} = {20294E5C-7DD1-4DC3-BE59-1FDFB6BD8F95}
		{6C3CE3B0-18FD-4DDC-9FF7-34D9A0ACEDF0} = {80E38DE4-A277-4CC2-BA0C-EC77BFC4BAB8}
		{760E1262-1652-4E19-BBC1-1473FDB4C900} = {80E38DE4-A277-4CC2-BA0C-EC77BFC4BAB8}
		{A9A6CB17-19FC-4052-B704-18BE140B5643} = {80E38DE4-A277-4CC2-BA0C-EC77BFC4BAB8}
		{137B73B7-764A-4D6D-BC78-5D06C28E28EA} = {20294E5C-7DD1-4DC3-BE59-1FDFB6BD8F95}
	EndGlobalSection
	GlobalSection(ExtensibilityGlobals) = postSolution
		SolutionGuid = {F6E239D8-6AC3-45C0-8238-89EC5023EA12}
	EndGlobalSection
EndGlobal
