
Microsoft Visual Studio Solution File, Format Version 12.00
# Visual Studio Version 16
VisualStudioVersion = 16.0.28729.10
MinimumVisualStudioVersion = 10.0.40219.1
Project("{2150E333-8FDC-42A3-9474-1A3956D46DE8}") = "API", "API", "{1AD879ED-5712-4542-9C4D-E5B4785928C0}"
EndProject
Project("{9A19103F-16F7-4668-BE54-9A1E7A4F7556}") = "API", "API\API.csproj", "{F5AAAECF-FF85-4222-B1CE-7F026A41667C}"
EndProject
Project("{2150E333-8FDC-42A3-9474-1A3956D46DE8}") = "Workshop", "Workshop", "{A5BDBC02-9966-4C99-8057-C1FC92BD93DC}"
EndProject
Project("{FAE04EC0-301F-11D3-BF4B-00C04F79EFBC}") = "DomainModel", "Workshop\DomainModel\DomainModel.csproj", "{C1421D7A-078C-42B6-A74A-BBEA2F6C5797}"
EndProject
Project("{FAE04EC0-301F-11D3-BF4B-00C04F79EFBC}") = "Application", "Workshop\Application\Application.csproj", "{760CEDA5-BDEA-456D-AA6F-4862E149EAD8}"
EndProject
Project("{FAE04EC0-301F-11D3-BF4B-00C04F79EFBC}") = "Infrastructure", "Workshop\Infrastructure\Infrastructure.csproj", "{81027346-E54E-4876-BC3E-82FA16C562B5}"
EndProject
Project("{FAE04EC0-301F-11D3-BF4B-00C04F79EFBC}") = "Helpers", "Workshop\Helpers\Helpers.csproj", "{53867F05-945E-4B69-B5AC-0833C83BB3E2}"
EndProject
Global
	GlobalSection(SolutionConfigurationPlatforms) = preSolution
		Debug|Any CPU = Debug|Any CPU
		Release|Any CPU = Release|Any CPU
	EndGlobalSection
	GlobalSection(ProjectConfigurationPlatforms) = postSolution
		{F5AAAECF-FF85-4222-B1CE-7F026A41667C}.Debug|Any CPU.ActiveCfg = Debug|Any CPU
		{F5AAAECF-FF85-4222-B1CE-7F026A41667C}.Debug|Any CPU.Build.0 = Debug|Any CPU
		{F5AAAECF-FF85-4222-B1CE-7F026A41667C}.Release|Any CPU.ActiveCfg = Release|Any CPU
		{F5AAAECF-FF85-4222-B1CE-7F026A41667C}.Release|Any CPU.Build.0 = Release|Any CPU
		{C1421D7A-078C-42B6-A74A-BBEA2F6C5797}.Debug|Any CPU.ActiveCfg = Debug|Any CPU
		{C1421D7A-078C-42B6-A74A-BBEA2F6C5797}.Debug|Any CPU.Build.0 = Debug|Any CPU
		{C1421D7A-078C-42B6-A74A-BBEA2F6C5797}.Release|Any CPU.ActiveCfg = Release|Any CPU
		{C1421D7A-078C-42B6-A74A-BBEA2F6C5797}.Release|Any CPU.Build.0 = Release|Any CPU
		{760CEDA5-BDEA-456D-AA6F-4862E149EAD8}.Debug|Any CPU.ActiveCfg = Debug|Any CPU
		{760CEDA5-BDEA-456D-AA6F-4862E149EAD8}.Debug|Any CPU.Build.0 = Debug|Any CPU
		{760CEDA5-BDEA-456D-AA6F-4862E149EAD8}.Release|Any CPU.ActiveCfg = Release|Any CPU
		{760CEDA5-BDEA-456D-AA6F-4862E149EAD8}.Release|Any CPU.Build.0 = Release|Any CPU
		{81027346-E54E-4876-BC3E-82FA16C562B5}.Debug|Any CPU.ActiveCfg = Debug|Any CPU
		{81027346-E54E-4876-BC3E-82FA16C562B5}.Debug|Any CPU.Build.0 = Debug|Any CPU
		{81027346-E54E-4876-BC3E-82FA16C562B5}.Release|Any CPU.ActiveCfg = Release|Any CPU
		{81027346-E54E-4876-BC3E-82FA16C562B5}.Release|Any CPU.Build.0 = Release|Any CPU
		{53867F05-945E-4B69-B5AC-0833C83BB3E2}.Debug|Any CPU.ActiveCfg = Debug|Any CPU
		{53867F05-945E-4B69-B5AC-0833C83BB3E2}.Debug|Any CPU.Build.0 = Debug|Any CPU
		{53867F05-945E-4B69-B5AC-0833C83BB3E2}.Release|Any CPU.ActiveCfg = Release|Any CPU
		{53867F05-945E-4B69-B5AC-0833C83BB3E2}.Release|Any CPU.Build.0 = Release|Any CPU
	EndGlobalSection
	GlobalSection(SolutionProperties) = preSolution
		HideSolutionNode = FALSE
	EndGlobalSection
	GlobalSection(NestedProjects) = preSolution
		{F5AAAECF-FF85-4222-B1CE-7F026A41667C} = {1AD879ED-5712-4542-9C4D-E5B4785928C0}
		{C1421D7A-078C-42B6-A74A-BBEA2F6C5797} = {A5BDBC02-9966-4C99-8057-C1FC92BD93DC}
		{760CEDA5-BDEA-456D-AA6F-4862E149EAD8} = {A5BDBC02-9966-4C99-8057-C1FC92BD93DC}
		{81027346-E54E-4876-BC3E-82FA16C562B5} = {A5BDBC02-9966-4C99-8057-C1FC92BD93DC}
		{53867F05-945E-4B69-B5AC-0833C83BB3E2} = {A5BDBC02-9966-4C99-8057-C1FC92BD93DC}
	EndGlobalSection
	GlobalSection(ExtensibilityGlobals) = postSolution
		SolutionGuid = {F6E239D8-6AC3-45C0-8238-89EC5023EA12}
	EndGlobalSection
EndGlobal
