
Microsoft Visual Studio Solution File, Format Version 12.00
# Visual Studio 15
VisualStudioVersion = 15.0.28307.572
MinimumVisualStudioVersion = 10.0.40219.1
Project("{9A19103F-16F7-4668-BE54-9A1E7A4F7556}") = "Core", "Core\Core.csproj", "{A988E915-0315-4D76-A4E8-F944E8134051}"
EndProject
Project("{2150E333-8FDC-42A3-9474-1A3956D46DE8}") = "1- Core", "1- Core", "{70130F5F-E8E7-4A74-B628-06D2C9746FA0}"
EndProject
Project("{2150E333-8FDC-42A3-9474-1A3956D46DE8}") = "3- Infrastructure", "3- Infrastructure", "{486569D5-C302-4F43-82DD-957551E4FF92}"
EndProject
Project("{9A19103F-16F7-4668-BE54-9A1E7A4F7556}") = "Infrastructure", "Infrastructure\Infrastructure.csproj", "{FD5C2060-6877-4E56-81E7-B20A13F9753E}"
EndProject
Project("{2150E333-8FDC-42A3-9474-1A3956D46DE8}") = "2- Application", "2- Application", "{0ECBEA3A-293E-45E1-A94C-4C9DC5F62076}"
EndProject
Project("{9A19103F-16F7-4668-BE54-9A1E7A4F7556}") = "Application", "Application\Application.csproj", "{E400E2B5-6DEF-4792-8F17-FC2389F3E6F1}"
EndProject
Project("{2150E333-8FDC-42A3-9474-1A3956D46DE8}") = "4- Entry Points", "4- Entry Points", "{1AD879ED-5712-4542-9C4D-E5B4785928C0}"
EndProject
Project("{9A19103F-16F7-4668-BE54-9A1E7A4F7556}") = "API-Owner", "API\API-Owner.csproj", "{F5AAAECF-FF85-4222-B1CE-7F026A41667C}"
EndProject
Project("{2150E333-8FDC-42A3-9474-1A3956D46DE8}") = "5- Tests", "5- Tests", "{55631607-DD6E-4050-BDBF-9A6E63538DCB}"
EndProject
Project("{9A19103F-16F7-4668-BE54-9A1E7A4F7556}") = "UnitTest1", "UnitTest1\UnitTest1.csproj", "{56D562C3-15ED-4B12-B833-C719C6048F9E}"
EndProject
Project("{FAE04EC0-301F-11D3-BF4B-00C04F79EFBC}") = "API-Car", "API-Car\API-Car.csproj", "{65D081A0-04DB-45EC-B40D-BCFEB9F0E2A5}"
EndProject
Project("{FAE04EC0-301F-11D3-BF4B-00C04F79EFBC}") = "API-Services", "API-Services\API-Services.csproj", "{C48BBB79-D733-43E6-BAF5-1F3619C11394}"
EndProject
Project("{FAE04EC0-301F-11D3-BF4B-00C04F79EFBC}") = "LataNovaIntegrationTests", "LataNovaIntegrationTests\LataNovaIntegrationTests.csproj", "{77B1CE9E-F405-4B53-A70F-F28F5257E798}"
EndProject
Global
	GlobalSection(SolutionConfigurationPlatforms) = preSolution
		Debug|Any CPU = Debug|Any CPU
		Release|Any CPU = Release|Any CPU
	EndGlobalSection
	GlobalSection(ProjectConfigurationPlatforms) = postSolution
		{A988E915-0315-4D76-A4E8-F944E8134051}.Debug|Any CPU.ActiveCfg = Debug|Any CPU
		{A988E915-0315-4D76-A4E8-F944E8134051}.Debug|Any CPU.Build.0 = Debug|Any CPU
		{A988E915-0315-4D76-A4E8-F944E8134051}.Release|Any CPU.ActiveCfg = Release|Any CPU
		{A988E915-0315-4D76-A4E8-F944E8134051}.Release|Any CPU.Build.0 = Release|Any CPU
		{FD5C2060-6877-4E56-81E7-B20A13F9753E}.Debug|Any CPU.ActiveCfg = Debug|Any CPU
		{FD5C2060-6877-4E56-81E7-B20A13F9753E}.Debug|Any CPU.Build.0 = Debug|Any CPU
		{FD5C2060-6877-4E56-81E7-B20A13F9753E}.Release|Any CPU.ActiveCfg = Release|Any CPU
		{FD5C2060-6877-4E56-81E7-B20A13F9753E}.Release|Any CPU.Build.0 = Release|Any CPU
		{E400E2B5-6DEF-4792-8F17-FC2389F3E6F1}.Debug|Any CPU.ActiveCfg = Debug|Any CPU
		{E400E2B5-6DEF-4792-8F17-FC2389F3E6F1}.Debug|Any CPU.Build.0 = Debug|Any CPU
		{E400E2B5-6DEF-4792-8F17-FC2389F3E6F1}.Release|Any CPU.ActiveCfg = Release|Any CPU
		{E400E2B5-6DEF-4792-8F17-FC2389F3E6F1}.Release|Any CPU.Build.0 = Release|Any CPU
		{F5AAAECF-FF85-4222-B1CE-7F026A41667C}.Debug|Any CPU.ActiveCfg = Debug|Any CPU
		{F5AAAECF-FF85-4222-B1CE-7F026A41667C}.Debug|Any CPU.Build.0 = Debug|Any CPU
		{F5AAAECF-FF85-4222-B1CE-7F026A41667C}.Release|Any CPU.ActiveCfg = Release|Any CPU
		{F5AAAECF-FF85-4222-B1CE-7F026A41667C}.Release|Any CPU.Build.0 = Release|Any CPU
		{56D562C3-15ED-4B12-B833-C719C6048F9E}.Debug|Any CPU.ActiveCfg = Debug|Any CPU
		{56D562C3-15ED-4B12-B833-C719C6048F9E}.Debug|Any CPU.Build.0 = Debug|Any CPU
		{56D562C3-15ED-4B12-B833-C719C6048F9E}.Release|Any CPU.ActiveCfg = Release|Any CPU
		{56D562C3-15ED-4B12-B833-C719C6048F9E}.Release|Any CPU.Build.0 = Release|Any CPU
		{65D081A0-04DB-45EC-B40D-BCFEB9F0E2A5}.Debug|Any CPU.ActiveCfg = Debug|Any CPU
		{65D081A0-04DB-45EC-B40D-BCFEB9F0E2A5}.Debug|Any CPU.Build.0 = Debug|Any CPU
		{65D081A0-04DB-45EC-B40D-BCFEB9F0E2A5}.Release|Any CPU.ActiveCfg = Release|Any CPU
		{65D081A0-04DB-45EC-B40D-BCFEB9F0E2A5}.Release|Any CPU.Build.0 = Release|Any CPU
		{C48BBB79-D733-43E6-BAF5-1F3619C11394}.Debug|Any CPU.ActiveCfg = Debug|Any CPU
		{C48BBB79-D733-43E6-BAF5-1F3619C11394}.Debug|Any CPU.Build.0 = Debug|Any CPU
		{C48BBB79-D733-43E6-BAF5-1F3619C11394}.Release|Any CPU.ActiveCfg = Release|Any CPU
		{C48BBB79-D733-43E6-BAF5-1F3619C11394}.Release|Any CPU.Build.0 = Release|Any CPU
		{77B1CE9E-F405-4B53-A70F-F28F5257E798}.Debug|Any CPU.ActiveCfg = Debug|Any CPU
		{77B1CE9E-F405-4B53-A70F-F28F5257E798}.Debug|Any CPU.Build.0 = Debug|Any CPU
		{77B1CE9E-F405-4B53-A70F-F28F5257E798}.Release|Any CPU.ActiveCfg = Release|Any CPU
		{77B1CE9E-F405-4B53-A70F-F28F5257E798}.Release|Any CPU.Build.0 = Release|Any CPU
	EndGlobalSection
	GlobalSection(SolutionProperties) = preSolution
		HideSolutionNode = FALSE
	EndGlobalSection
	GlobalSection(NestedProjects) = preSolution
		{A988E915-0315-4D76-A4E8-F944E8134051} = {70130F5F-E8E7-4A74-B628-06D2C9746FA0}
		{FD5C2060-6877-4E56-81E7-B20A13F9753E} = {486569D5-C302-4F43-82DD-957551E4FF92}
		{E400E2B5-6DEF-4792-8F17-FC2389F3E6F1} = {0ECBEA3A-293E-45E1-A94C-4C9DC5F62076}
		{F5AAAECF-FF85-4222-B1CE-7F026A41667C} = {1AD879ED-5712-4542-9C4D-E5B4785928C0}
		{56D562C3-15ED-4B12-B833-C719C6048F9E} = {55631607-DD6E-4050-BDBF-9A6E63538DCB}
		{65D081A0-04DB-45EC-B40D-BCFEB9F0E2A5} = {1AD879ED-5712-4542-9C4D-E5B4785928C0}
		{C48BBB79-D733-43E6-BAF5-1F3619C11394} = {1AD879ED-5712-4542-9C4D-E5B4785928C0}
		{77B1CE9E-F405-4B53-A70F-F28F5257E798} = {55631607-DD6E-4050-BDBF-9A6E63538DCB}
	EndGlobalSection
	GlobalSection(ExtensibilityGlobals) = postSolution
		SolutionGuid = {F6E239D8-6AC3-45C0-8238-89EC5023EA12}
	EndGlobalSection
EndGlobal
