
Microsoft Visual Studio Solution File, Format Version 12.00
# Visual Studio 15
VisualStudioVersion = 15.0.28307.572
MinimumVisualStudioVersion = 10.0.40219.1
Project("{9A19103F-16F7-4668-BE54-9A1E7A4F7556}") = "Core", "Core\Core.csproj", "{A988E915-0315-4D76-A4E8-F944E8134051}"
EndProject
Project("{2150E333-8FDC-42A3-9474-1A3956D46DE8}") = "1- Core", "1- Core", "{70130F5F-E8E7-4A74-B628-06D2C9746FA0}"
EndProject
Project("{2150E333-8FDC-42A3-9474-1A3956D46DE8}") = "3- Infrastructure", "3- Infrastructure", "{486569D5-C302-4F43-82DD-957551E4FF92}"
EndProject
Project("{9A19103F-16F7-4668-BE54-9A1E7A4F7556}") = "Infrastructure", "Infrastructure\Infrastructure.csproj", "{FD5C2060-6877-4E56-81E7-B20A13F9753E}"
EndProject
Project("{2150E333-8FDC-42A3-9474-1A3956D46DE8}") = "2- Application", "2- Application", "{0ECBEA3A-293E-45E1-A94C-4C9DC5F62076}"
EndProject
Project("{9A19103F-16F7-4668-BE54-9A1E7A4F7556}") = "Application", "Application\Application.csproj", "{E400E2B5-6DEF-4792-8F17-FC2389F3E6F1}"
EndProject
Project("{2150E333-8FDC-42A3-9474-1A3956D46DE8}") = "4- Entry Points", "4- Entry Points", "{1AD879ED-5712-4542-9C4D-E5B4785928C0}"
EndProject
Project("{9A19103F-16F7-4668-BE54-9A1E7A4F7556}") = "API", "API\API.csproj", "{F5AAAECF-FF85-4222-B1CE-7F026A41667C}"
EndProject
Project("{2150E333-8FDC-42A3-9474-1A3956D46DE8}") = "ServicesAPI", "ServicesAPI", "{ABA08FAA-B0CB-4619-96B6-2845BD9E4087}"
EndProject
Project("{9A19103F-16F7-4668-BE54-9A1E7A4F7556}") = "OwnerAPI", "OwnerAPI\OwnerAPI.csproj", "{E47EFD06-1027-421C-B7D6-EB5919688C0D}"
EndProject
Project("{9A19103F-16F7-4668-BE54-9A1E7A4F7556}") = "CarAPI", "CarAPI\CarAPI.csproj", "{47B444B7-9C82-4555-9615-BD803E4B4BC2}"
EndProject
Project("{2150E333-8FDC-42A3-9474-1A3956D46DE8}") = "5- Tests", "5- Tests", "{8C83DA69-8995-417C-9CB0-0797D0CB0600}"
EndProject
Project("{9A19103F-16F7-4668-BE54-9A1E7A4F7556}") = "LataVelhaTests", "LataVelhaTests\LataVelhaTests.csproj", "{6469795B-F4D9-48F8-97E2-5D787380F8A6}"
EndProject
Project("{9A19103F-16F7-4668-BE54-9A1E7A4F7556}") = "LataNovaIntegrationTests", "LataNovaIntegrationTests\LataNovaIntegrationTests.csproj", "{E33860BB-E837-4239-AE0C-8C512704F224}"
EndProject
Project("{FAE04EC0-301F-11D3-BF4B-00C04F79EFBC}") = "WPFOwnerList", "WPFOwnerList\WPFOwnerList.csproj", "{092507A5-F566-4940-A28D-C9993C37B2BD}"
EndProject
Global
	GlobalSection(SolutionConfigurationPlatforms) = preSolution
		Debug|Any CPU = Debug|Any CPU
		Release|Any CPU = Release|Any CPU
	EndGlobalSection
	GlobalSection(ProjectConfigurationPlatforms) = postSolution
		{A988E915-0315-4D76-A4E8-F944E8134051}.Debug|Any CPU.ActiveCfg = Debug|Any CPU
		{A988E915-0315-4D76-A4E8-F944E8134051}.Debug|Any CPU.Build.0 = Debug|Any CPU
		{A988E915-0315-4D76-A4E8-F944E8134051}.Release|Any CPU.ActiveCfg = Release|Any CPU
		{A988E915-0315-4D76-A4E8-F944E8134051}.Release|Any CPU.Build.0 = Release|Any CPU
		{FD5C2060-6877-4E56-81E7-B20A13F9753E}.Debug|Any CPU.ActiveCfg = Debug|Any CPU
		{FD5C2060-6877-4E56-81E7-B20A13F9753E}.Debug|Any CPU.Build.0 = Debug|Any CPU
		{FD5C2060-6877-4E56-81E7-B20A13F9753E}.Release|Any CPU.ActiveCfg = Release|Any CPU
		{FD5C2060-6877-4E56-81E7-B20A13F9753E}.Release|Any CPU.Build.0 = Release|Any CPU
		{E400E2B5-6DEF-4792-8F17-FC2389F3E6F1}.Debug|Any CPU.ActiveCfg = Debug|Any CPU
		{E400E2B5-6DEF-4792-8F17-FC2389F3E6F1}.Debug|Any CPU.Build.0 = Debug|Any CPU
		{E400E2B5-6DEF-4792-8F17-FC2389F3E6F1}.Release|Any CPU.ActiveCfg = Release|Any CPU
		{E400E2B5-6DEF-4792-8F17-FC2389F3E6F1}.Release|Any CPU.Build.0 = Release|Any CPU
		{F5AAAECF-FF85-4222-B1CE-7F026A41667C}.Debug|Any CPU.ActiveCfg = Debug|Any CPU
		{F5AAAECF-FF85-4222-B1CE-7F026A41667C}.Debug|Any CPU.Build.0 = Debug|Any CPU
		{F5AAAECF-FF85-4222-B1CE-7F026A41667C}.Release|Any CPU.ActiveCfg = Release|Any CPU
		{F5AAAECF-FF85-4222-B1CE-7F026A41667C}.Release|Any CPU.Build.0 = Release|Any CPU
		{E47EFD06-1027-421C-B7D6-EB5919688C0D}.Debug|Any CPU.ActiveCfg = Debug|Any CPU
		{E47EFD06-1027-421C-B7D6-EB5919688C0D}.Debug|Any CPU.Build.0 = Debug|Any CPU
		{E47EFD06-1027-421C-B7D6-EB5919688C0D}.Release|Any CPU.ActiveCfg = Release|Any CPU
		{E47EFD06-1027-421C-B7D6-EB5919688C0D}.Release|Any CPU.Build.0 = Release|Any CPU
		{47B444B7-9C82-4555-9615-BD803E4B4BC2}.Debug|Any CPU.ActiveCfg = Debug|Any CPU
		{47B444B7-9C82-4555-9615-BD803E4B4BC2}.Debug|Any CPU.Build.0 = Debug|Any CPU
		{47B444B7-9C82-4555-9615-BD803E4B4BC2}.Release|Any CPU.ActiveCfg = Release|Any CPU
		{47B444B7-9C82-4555-9615-BD803E4B4BC2}.Release|Any CPU.Build.0 = Release|Any CPU
		{6469795B-F4D9-48F8-97E2-5D787380F8A6}.Debug|Any CPU.ActiveCfg = Debug|Any CPU
		{6469795B-F4D9-48F8-97E2-5D787380F8A6}.Debug|Any CPU.Build.0 = Debug|Any CPU
		{6469795B-F4D9-48F8-97E2-5D787380F8A6}.Release|Any CPU.ActiveCfg = Release|Any CPU
		{6469795B-F4D9-48F8-97E2-5D787380F8A6}.Release|Any CPU.Build.0 = Release|Any CPU
		{E33860BB-E837-4239-AE0C-8C512704F224}.Debug|Any CPU.ActiveCfg = Debug|Any CPU
		{E33860BB-E837-4239-AE0C-8C512704F224}.Debug|Any CPU.Build.0 = Debug|Any CPU
		{E33860BB-E837-4239-AE0C-8C512704F224}.Release|Any CPU.ActiveCfg = Release|Any CPU
		{E33860BB-E837-4239-AE0C-8C512704F224}.Release|Any CPU.Build.0 = Release|Any CPU
		{092507A5-F566-4940-A28D-C9993C37B2BD}.Debug|Any CPU.ActiveCfg = Debug|Any CPU
		{092507A5-F566-4940-A28D-C9993C37B2BD}.Debug|Any CPU.Build.0 = Debug|Any CPU
		{092507A5-F566-4940-A28D-C9993C37B2BD}.Release|Any CPU.ActiveCfg = Release|Any CPU
		{092507A5-F566-4940-A28D-C9993C37B2BD}.Release|Any CPU.Build.0 = Release|Any CPU
	EndGlobalSection
	GlobalSection(SolutionProperties) = preSolution
		HideSolutionNode = FALSE
	EndGlobalSection
	GlobalSection(NestedProjects) = preSolution
		{A988E915-0315-4D76-A4E8-F944E8134051} = {70130F5F-E8E7-4A74-B628-06D2C9746FA0}
		{70130F5F-E8E7-4A74-B628-06D2C9746FA0} = {ABA08FAA-B0CB-4619-96B6-2845BD9E4087}
		{486569D5-C302-4F43-82DD-957551E4FF92} = {ABA08FAA-B0CB-4619-96B6-2845BD9E4087}
		{FD5C2060-6877-4E56-81E7-B20A13F9753E} = {486569D5-C302-4F43-82DD-957551E4FF92}
		{0ECBEA3A-293E-45E1-A94C-4C9DC5F62076} = {ABA08FAA-B0CB-4619-96B6-2845BD9E4087}
		{E400E2B5-6DEF-4792-8F17-FC2389F3E6F1} = {0ECBEA3A-293E-45E1-A94C-4C9DC5F62076}
		{1AD879ED-5712-4542-9C4D-E5B4785928C0} = {ABA08FAA-B0CB-4619-96B6-2845BD9E4087}
		{F5AAAECF-FF85-4222-B1CE-7F026A41667C} = {1AD879ED-5712-4542-9C4D-E5B4785928C0}
		{E47EFD06-1027-421C-B7D6-EB5919688C0D} = {1AD879ED-5712-4542-9C4D-E5B4785928C0}
		{47B444B7-9C82-4555-9615-BD803E4B4BC2} = {1AD879ED-5712-4542-9C4D-E5B4785928C0}
		{8C83DA69-8995-417C-9CB0-0797D0CB0600} = {ABA08FAA-B0CB-4619-96B6-2845BD9E4087}
		{6469795B-F4D9-48F8-97E2-5D787380F8A6} = {8C83DA69-8995-417C-9CB0-0797D0CB0600}
		{E33860BB-E837-4239-AE0C-8C512704F224} = {8C83DA69-8995-417C-9CB0-0797D0CB0600}
		{092507A5-F566-4940-A28D-C9993C37B2BD} = {1AD879ED-5712-4542-9C4D-E5B4785928C0}
	EndGlobalSection
	GlobalSection(ExtensibilityGlobals) = postSolution
		SolutionGuid = {F6E239D8-6AC3-45C0-8238-89EC5023EA12}
	EndGlobalSection
EndGlobal
